
Microsoft Visual Studio Solution File, Format Version 12.00
# Visual Studio Version 16
VisualStudioVersion = 16.0.29326.143
MinimumVisualStudioVersion = 10.0.40219.1
Project("{9A19103F-16F7-4668-BE54-9A1E7A4F7556}") = "sample_netcore", "sample_netcore\sample_netcore.csproj", "{2EA5B8E9-F949-47F4-A738-66669E0FCD89}"
EndProject
Project("{9A19103F-16F7-4668-BE54-9A1E7A4F7556}") = "LiveLogLibrary", "..\src\LiveLogLibrary\LiveLogLibrary.csproj", "{1269AAE4-C839-40C5-AFD4-F8B00C19153A}"
EndProject
Project("{FAE04EC0-301F-11D3-BF4B-00C04F79EFBC}") = "sample_netframework", "sample_netframework\sample_netframework.csproj", "{A9DF598D-EF5A-48CD-B2E6-3B83F6D64EA0}"
EndProject
Global
	GlobalSection(SolutionConfigurationPlatforms) = preSolution
		Debug|Any CPU = Debug|Any CPU
		Release|Any CPU = Release|Any CPU
	EndGlobalSection
	GlobalSection(ProjectConfigurationPlatforms) = postSolution
		{2EA5B8E9-F949-47F4-A738-66669E0FCD89}.Debug|Any CPU.ActiveCfg = Debug|Any CPU
		{2EA5B8E9-F949-47F4-A738-66669E0FCD89}.Debug|Any CPU.Build.0 = Debug|Any CPU
		{2EA5B8E9-F949-47F4-A738-66669E0FCD89}.Release|Any CPU.ActiveCfg = Release|Any CPU
		{2EA5B8E9-F949-47F4-A738-66669E0FCD89}.Release|Any CPU.Build.0 = Release|Any CPU
		{1269AAE4-C839-40C5-AFD4-F8B00C19153A}.Debug|Any CPU.ActiveCfg = Debug|Any CPU
		{1269AAE4-C839-40C5-AFD4-F8B00C19153A}.Debug|Any CPU.Build.0 = Debug|Any CPU
		{1269AAE4-C839-40C5-AFD4-F8B00C19153A}.Release|Any CPU.ActiveCfg = Release|Any CPU
		{1269AAE4-C839-40C5-AFD4-F8B00C19153A}.Release|Any CPU.Build.0 = Release|Any CPU
		{A9DF598D-EF5A-48CD-B2E6-3B83F6D64EA0}.Debug|Any CPU.ActiveCfg = Debug|Any CPU
		{A9DF598D-EF5A-48CD-B2E6-3B83F6D64EA0}.Debug|Any CPU.Build.0 = Debug|Any CPU
		{A9DF598D-EF5A-48CD-B2E6-3B83F6D64EA0}.Release|Any CPU.ActiveCfg = Release|Any CPU
		{A9DF598D-EF5A-48CD-B2E6-3B83F6D64EA0}.Release|Any CPU.Build.0 = Release|Any CPU
	EndGlobalSection
	GlobalSection(SolutionProperties) = preSolution
		HideSolutionNode = FALSE
	EndGlobalSection
	GlobalSection(ExtensibilityGlobals) = postSolution
		SolutionGuid = {3108D93F-A85D-42F8-8D49-A50A5DAF1BE9}
	EndGlobalSection
EndGlobal
