
Microsoft Visual Studio Solution File, Format Version 12.00
# Visual Studio Version 16
VisualStudioVersion = 16.0.29326.143
MinimumVisualStudioVersion = 10.0.40219.1
Project("{9A19103F-16F7-4668-BE54-9A1E7A4F7556}") = "LiveLogMonitor", "LiveLogMonitor\LiveLogMonitor.csproj", "{AEE6BADC-5E0F-4597-9463-4F821F440BA4}"
EndProject
Project("{9A19103F-16F7-4668-BE54-9A1E7A4F7556}") = "LiveLogLibrary", "LiveLogLibrary\LiveLogLibrary.csproj", "{C5C584D8-1DA8-487B-A169-CC91D8446BC9}"
EndProject
Global
	GlobalSection(SolutionConfigurationPlatforms) = preSolution
		Debug|Any CPU = Debug|Any CPU
		Release|Any CPU = Release|Any CPU
	EndGlobalSection
	GlobalSection(ProjectConfigurationPlatforms) = postSolution
		{AEE6BADC-5E0F-4597-9463-4F821F440BA4}.Debug|Any CPU.ActiveCfg = Debug|Any CPU
		{AEE6BADC-5E0F-4597-9463-4F821F440BA4}.Debug|Any CPU.Build.0 = Debug|Any CPU
		{AEE6BADC-5E0F-4597-9463-4F821F440BA4}.Release|Any CPU.ActiveCfg = Release|Any CPU
		{AEE6BADC-5E0F-4597-9463-4F821F440BA4}.Release|Any CPU.Build.0 = Release|Any CPU
		{C5C584D8-1DA8-487B-A169-CC91D8446BC9}.Debug|Any CPU.ActiveCfg = Debug|Any CPU
		{C5C584D8-1DA8-487B-A169-CC91D8446BC9}.Debug|Any CPU.Build.0 = Debug|Any CPU
		{C5C584D8-1DA8-487B-A169-CC91D8446BC9}.Release|Any CPU.ActiveCfg = Release|Any CPU
		{C5C584D8-1DA8-487B-A169-CC91D8446BC9}.Release|Any CPU.Build.0 = Release|Any CPU
	EndGlobalSection
	GlobalSection(SolutionProperties) = preSolution
		HideSolutionNode = FALSE
	EndGlobalSection
	GlobalSection(ExtensibilityGlobals) = postSolution
		SolutionGuid = {16EFC17E-334B-4595-A24C-3E2A3FCD30D6}
	EndGlobalSection
EndGlobal
